
Microsoft Visual Studio Solution File, Format Version 12.00
# Visual Studio Version 17
VisualStudioVersion = 17.3.32819.101
MinimumVisualStudioVersion = 10.0.40219.1
Project("{FAE04EC0-301F-11D3-BF4B-00C04F79EFBC}") = "LightVerifyAPI", "LightVerifyAPI\LightVerifyAPI.csproj", "{8D6DB7F0-762D-483D-A677-036F35194E6F}"
EndProject
Global
	GlobalSection(SolutionConfigurationPlatforms) = preSolution
		Debug|Any CPU = Debug|Any CPU
		Release|Any CPU = Release|Any CPU
	EndGlobalSection
	GlobalSection(ProjectConfigurationPlatforms) = postSolution
		{8D6DB7F0-762D-483D-A677-036F35194E6F}.Debug|Any CPU.ActiveCfg = Debug|Any CPU
		{8D6DB7F0-762D-483D-A677-036F35194E6F}.Debug|Any CPU.Build.0 = Debug|Any CPU
		{8D6DB7F0-762D-483D-A677-036F35194E6F}.Release|Any CPU.ActiveCfg = Release|Any CPU
		{8D6DB7F0-762D-483D-A677-036F35194E6F}.Release|Any CPU.Build.0 = Release|Any CPU
	EndGlobalSection
	GlobalSection(SolutionProperties) = preSolution
		HideSolutionNode = FALSE
	EndGlobalSection
	GlobalSection(ExtensibilityGlobals) = postSolution
		SolutionGuid = {832A75F1-422D-49DF-AF89-E9B5EB8066E6}
	EndGlobalSection
EndGlobal
